
Microsoft Visual Studio Solution File, Format Version 12.00
# Visual Studio 15
Project("{FAE04EC0-301F-11D3-BF4B-00C04F79EFBC}") = "Assembly-CSharp", "Assembly-CSharp.csproj", "{855F9B06-4462-4346-8D17-9E81FB06B317}"
EndProject
Project("{FAE04EC0-301F-11D3-BF4B-00C04F79EFBC}") = "VFXGraph.OutputEventHandlers", "VFXGraph.OutputEventHandlers.csproj", "{B73387AA-F9E6-BB39-1DDF-2FD4A063D0D7}"
EndProject
Project("{FAE04EC0-301F-11D3-BF4B-00C04F79EFBC}") = "VFXGraph.OutputEventHandlers.Editor", "VFXGraph.OutputEventHandlers.Editor.csproj", "{72B2986E-4AF5-5935-7D03-8703C344BCB5}"
EndProject
Global
	GlobalSection(SolutionConfigurationPlatforms) = preSolution
		Debug|Any CPU = Debug|Any CPU
		Release|Any CPU = Release|Any CPU
	EndGlobalSection
	GlobalSection(ProjectConfigurationPlatforms) = postSolution
		{855F9B06-4462-4346-8D17-9E81FB06B317}.Debug|Any CPU.ActiveCfg = Debug|Any CPU
		{855F9B06-4462-4346-8D17-9E81FB06B317}.Debug|Any CPU.Build.0 = Debug|Any CPU
		{855F9B06-4462-4346-8D17-9E81FB06B317}.Release|Any CPU.ActiveCfg = Release|Any CPU
		{855F9B06-4462-4346-8D17-9E81FB06B317}.Release|Any CPU.Build.0 = Release|Any CPU
		{B73387AA-F9E6-BB39-1DDF-2FD4A063D0D7}.Debug|Any CPU.ActiveCfg = Debug|Any CPU
		{B73387AA-F9E6-BB39-1DDF-2FD4A063D0D7}.Debug|Any CPU.Build.0 = Debug|Any CPU
		{B73387AA-F9E6-BB39-1DDF-2FD4A063D0D7}.Release|Any CPU.ActiveCfg = Release|Any CPU
		{B73387AA-F9E6-BB39-1DDF-2FD4A063D0D7}.Release|Any CPU.Build.0 = Release|Any CPU
		{72B2986E-4AF5-5935-7D03-8703C344BCB5}.Debug|Any CPU.ActiveCfg = Debug|Any CPU
		{72B2986E-4AF5-5935-7D03-8703C344BCB5}.Debug|Any CPU.Build.0 = Debug|Any CPU
		{72B2986E-4AF5-5935-7D03-8703C344BCB5}.Release|Any CPU.ActiveCfg = Release|Any CPU
		{72B2986E-4AF5-5935-7D03-8703C344BCB5}.Release|Any CPU.Build.0 = Release|Any CPU
	EndGlobalSection
	GlobalSection(SolutionProperties) = preSolution
		HideSolutionNode = FALSE
	EndGlobalSection
EndGlobal
